
Microsoft Visual Studio Solution File, Format Version 12.00
# Visual Studio Version 17
VisualStudioVersion = 17.4.33122.133
MinimumVisualStudioVersion = 10.0.40219.1
Project("{8BC9CEB8-8B4A-11D0-8D11-00A0C91BC942}") = "2d_arr_deferencing", "2d_arr_deferencing\2d_arr_deferencing.vcxproj", "{580EC62D-2B29-4789-8D32-9B48C7248A93}"
EndProject
Global
	GlobalSection(SolutionConfigurationPlatforms) = preSolution
		Debug|x64 = Debug|x64
		Debug|x86 = Debug|x86
		Release|x64 = Release|x64
		Release|x86 = Release|x86
	EndGlobalSection
	GlobalSection(ProjectConfigurationPlatforms) = postSolution
		{580EC62D-2B29-4789-8D32-9B48C7248A93}.Debug|x64.ActiveCfg = Debug|x64
		{580EC62D-2B29-4789-8D32-9B48C7248A93}.Debug|x64.Build.0 = Debug|x64
		{580EC62D-2B29-4789-8D32-9B48C7248A93}.Debug|x86.ActiveCfg = Debug|Win32
		{580EC62D-2B29-4789-8D32-9B48C7248A93}.Debug|x86.Build.0 = Debug|Win32
		{580EC62D-2B29-4789-8D32-9B48C7248A93}.Release|x64.ActiveCfg = Release|x64
		{580EC62D-2B29-4789-8D32-9B48C7248A93}.Release|x64.Build.0 = Release|x64
		{580EC62D-2B29-4789-8D32-9B48C7248A93}.Release|x86.ActiveCfg = Release|Win32
		{580EC62D-2B29-4789-8D32-9B48C7248A93}.Release|x86.Build.0 = Release|Win32
	EndGlobalSection
	GlobalSection(SolutionProperties) = preSolution
		HideSolutionNode = FALSE
	EndGlobalSection
	GlobalSection(ExtensibilityGlobals) = postSolution
		SolutionGuid = {39B54A81-106C-40E1-B04A-4C6E7F7D12B5}
	EndGlobalSection
EndGlobal
